
Microsoft Visual Studio Solution File, Format Version 12.00
# Visual Studio Version 16
VisualStudioVersion = 16.0.31702.278
MinimumVisualStudioVersion = 10.0.40219.1
Project("{FAE04EC0-301F-11D3-BF4B-00C04F79EFBC}") = "calc", "calc\calc.csproj", "{11BCD83D-211F-45B5-8D7A-7C8728A23608}"
EndProject
Global
	GlobalSection(SolutionConfigurationPlatforms) = preSolution
		Debug|Any CPU = Debug|Any CPU
		Release|Any CPU = Release|Any CPU
	EndGlobalSection
	GlobalSection(ProjectConfigurationPlatforms) = postSolution
		{11BCD83D-211F-45B5-8D7A-7C8728A23608}.Debug|Any CPU.ActiveCfg = Debug|Any CPU
		{11BCD83D-211F-45B5-8D7A-7C8728A23608}.Debug|Any CPU.Build.0 = Debug|Any CPU
		{11BCD83D-211F-45B5-8D7A-7C8728A23608}.Release|Any CPU.ActiveCfg = Release|Any CPU
		{11BCD83D-211F-45B5-8D7A-7C8728A23608}.Release|Any CPU.Build.0 = Release|Any CPU
	EndGlobalSection
	GlobalSection(SolutionProperties) = preSolution
		HideSolutionNode = FALSE
	EndGlobalSection
	GlobalSection(ExtensibilityGlobals) = postSolution
		SolutionGuid = {F069E126-C78C-44CB-B95A-F5A95AD6A962}
	EndGlobalSection
EndGlobal
